// !$*UTF8*$!
{
	archiveVersion = 1;
	classes = {
	};
	objectVersion = 50;
	objects = {

/* Begin PBXBuildFile section */
		B73A223B2640E0AE006CD531 /* ForceDirectedGraphApp.swift in Sources */ = {isa = PBXBuildFile; fileRef = B73A223A2640E0AE006CD531 /* ForceDirectedGraphApp.swift */; };
		B73A223D2640E0AE006CD531 /* ContentView.swift in Sources */ = {isa = PBXBuildFile; fileRef = B73A223C2640E0AE006CD531 /* ContentView.swift */; };
		B73A223F2640E0AF006CD531 /* Assets.xcassets in Resources */ = {isa = PBXBuildFile; fileRef = B73A223E2640E0AF006CD531 /* Assets.xcassets */; };
		B73A22422640E0AF006CD531 /* Preview Assets.xcassets in Resources */ = {isa = PBXBuildFile; fileRef = B73A22412640E0AF006CD531 /* Preview Assets.xcassets */; };
		B73A22502640E6EA006CD531 /* GraphScene.swift in Sources */ = {isa = PBXBuildFile; fileRef = B73A224F2640E6EA006CD531 /* GraphScene.swift */; };
		B73A225526410282006CD531 /* GraphView.swift in Sources */ = {isa = PBXBuildFile; fileRef = B73A225426410282006CD531 /* GraphView.swift */; };
		B7E7920626410B930043FB54 /* Logger.swift in Sources */ = {isa = PBXBuildFile; fileRef = B7E7920426410B930043FB54 /* Logger.swift */; };
		B7E7920726410B930043FB54 /* LogType.swift in Sources */ = {isa = PBXBuildFile; fileRef = B7E7920526410B930043FB54 /* LogType.swift */; };
		B7E7920C26412EB30043FB54 /* ButtonStyle1.swift in Sources */ = {isa = PBXBuildFile; fileRef = B7E7920A26412EB30043FB54 /* ButtonStyle1.swift */; };
		B7E7920D26412EB30043FB54 /* ButtonStyle1Data.swift in Sources */ = {isa = PBXBuildFile; fileRef = B7E7920B26412EB30043FB54 /* ButtonStyle1Data.swift */; };
		B7E7921026412F600043FB54 /* FramePreferenceKey.swift in Sources */ = {isa = PBXBuildFile; fileRef = B7E7920F26412F600043FB54 /* FramePreferenceKey.swift */; };
		B7E79214264134F80043FB54 /* ViewExtension.swift in Sources */ = {isa = PBXBuildFile; fileRef = B7E79212264134F80043FB54 /* ViewExtension.swift */; };
		B7F8D3F526438722002B3BED /* ImageDataManager.swift in Sources */ = {isa = PBXBuildFile; fileRef = B7F8D3F426438722002B3BED /* ImageDataManager.swift */; };
		B7F8D3F82643C3E7002B3BED /* GraphCategory.swift in Sources */ = {isa = PBXBuildFile; fileRef = B7F8D3F72643C3E7002B3BED /* GraphCategory.swift */; };
		B7F8D3FB2643C414002B3BED /* GraphData.swift in Sources */ = {isa = PBXBuildFile; fileRef = B7F8D3FA2643C414002B3BED /* GraphData.swift */; };
/* End PBXBuildFile section */

/* Begin PBXFileReference section */
		B73A22372640E0AE006CD531 /* GraphTest.app */ = {isa = PBXFileReference; explicitFileType = wrapper.application; includeInIndex = 0; path = GraphTest.app; sourceTree = BUILT_PRODUCTS_DIR; };
		B73A223A2640E0AE006CD531 /* ForceDirectedGraphApp.swift */ = {isa = PBXFileReference; lastKnownFileType = sourcecode.swift; path = ForceDirectedGraphApp.swift; sourceTree = "<group>"; };
		B73A223C2640E0AE006CD531 /* ContentView.swift */ = {isa = PBXFileReference; lastKnownFileType = sourcecode.swift; path = ContentView.swift; sourceTree = "<group>"; };
		B73A223E2640E0AF006CD531 /* Assets.xcassets */ = {isa = PBXFileReference; lastKnownFileType = folder.assetcatalog; path = Assets.xcassets; sourceTree = "<group>"; };
		B73A22412640E0AF006CD531 /* Preview Assets.xcassets */ = {isa = PBXFileReference; lastKnownFileType = folder.assetcatalog; path = "Preview Assets.xcassets"; sourceTree = "<group>"; };
		B73A22432640E0AF006CD531 /* Info.plist */ = {isa = PBXFileReference; lastKnownFileType = text.plist.xml; path = Info.plist; sourceTree = "<group>"; };
		B73A224F2640E6EA006CD531 /* GraphScene.swift */ = {isa = PBXFileReference; lastKnownFileType = sourcecode.swift; path = GraphScene.swift; sourceTree = "<group>"; };
		B73A225426410282006CD531 /* GraphView.swift */ = {isa = PBXFileReference; lastKnownFileType = sourcecode.swift; path = GraphView.swift; sourceTree = "<group>"; };
		B7E7920426410B930043FB54 /* Logger.swift */ = {isa = PBXFileReference; fileEncoding = 4; lastKnownFileType = sourcecode.swift; path = Logger.swift; sourceTree = "<group>"; };
		B7E7920526410B930043FB54 /* LogType.swift */ = {isa = PBXFileReference; fileEncoding = 4; lastKnownFileType = sourcecode.swift; path = LogType.swift; sourceTree = "<group>"; };
		B7E7920A26412EB30043FB54 /* ButtonStyle1.swift */ = {isa = PBXFileReference; fileEncoding = 4; lastKnownFileType = sourcecode.swift; path = ButtonStyle1.swift; sourceTree = "<group>"; };
		B7E7920B26412EB30043FB54 /* ButtonStyle1Data.swift */ = {isa = PBXFileReference; fileEncoding = 4; lastKnownFileType = sourcecode.swift; path = ButtonStyle1Data.swift; sourceTree = "<group>"; };
		B7E7920F26412F600043FB54 /* FramePreferenceKey.swift */ = {isa = PBXFileReference; fileEncoding = 4; lastKnownFileType = sourcecode.swift; path = FramePreferenceKey.swift; sourceTree = "<group>"; };
		B7E79212264134F80043FB54 /* ViewExtension.swift */ = {isa = PBXFileReference; fileEncoding = 4; lastKnownFileType = sourcecode.swift; path = ViewExtension.swift; sourceTree = "<group>"; };
		B7F8D3F426438722002B3BED /* ImageDataManager.swift */ = {isa = PBXFileReference; fileEncoding = 4; lastKnownFileType = sourcecode.swift; path = ImageDataManager.swift; sourceTree = "<group>"; };
		B7F8D3F72643C3E7002B3BED /* GraphCategory.swift */ = {isa = PBXFileReference; fileEncoding = 4; lastKnownFileType = sourcecode.swift; path = GraphCategory.swift; sourceTree = "<group>"; };
		B7F8D3FA2643C414002B3BED /* GraphData.swift */ = {isa = PBXFileReference; fileEncoding = 4; lastKnownFileType = sourcecode.swift; path = GraphData.swift; sourceTree = "<group>"; };
/* End PBXFileReference section */

/* Begin PBXFrameworksBuildPhase section */
		B73A22342640E0AE006CD531 /* Frameworks */ = {
			isa = PBXFrameworksBuildPhase;
			buildActionMask = 2147483647;
			files = (
			);
			runOnlyForDeploymentPostprocessing = 0;
		};
/* End PBXFrameworksBuildPhase section */

/* Begin PBXGroup section */
		B73A222E2640E0AE006CD531 = {
			isa = PBXGroup;
			children = (
				B73A22392640E0AE006CD531 /* GraphTest */,
				B73A22382640E0AE006CD531 /* Products */,
			);
			sourceTree = "<group>";
		};
		B73A22382640E0AE006CD531 /* Products */ = {
			isa = PBXGroup;
			children = (
				B73A22372640E0AE006CD531 /* GraphTest.app */,
			);
			name = Products;
			sourceTree = "<group>";
		};
		B73A22392640E0AE006CD531 /* GraphTest */ = {
			isa = PBXGroup;
			children = (
				B73A223A2640E0AE006CD531 /* ForceDirectedGraphApp.swift */,
				B73A223C2640E0AE006CD531 /* ContentView.swift */,
				B73A224E2640E6CF006CD531 /* Graph */,
				B7E7920826412EAC0043FB54 /* Component */,
				B7E7920226410B850043FB54 /* Util */,
				B73A223E2640E0AF006CD531 /* Assets.xcassets */,
				B73A22432640E0AF006CD531 /* Info.plist */,
				B73A22402640E0AF006CD531 /* Preview Content */,
			);
			path = GraphTest;
			sourceTree = "<group>";
		};
		B73A22402640E0AF006CD531 /* Preview Content */ = {
			isa = PBXGroup;
			children = (
				B73A22412640E0AF006CD531 /* Preview Assets.xcassets */,
			);
			path = "Preview Content";
			sourceTree = "<group>";
		};
		B73A224E2640E6CF006CD531 /* Graph */ = {
			isa = PBXGroup;
			children = (
				B73A225426410282006CD531 /* GraphView.swift */,
				B73A224F2640E6EA006CD531 /* GraphScene.swift */,
				B7F8D3FA2643C414002B3BED /* GraphData.swift */,
				B7F8D3F92643C3EA002B3BED /* Model */,
			);
			path = Graph;
			sourceTree = "<group>";
		};
		B7E7920226410B850043FB54 /* Util */ = {
			isa = PBXGroup;
			children = (
				B7E7920326410B930043FB54 /* Logger */,
				B7F8D3F326438722002B3BED /* Image */,
				B7E7920E26412F600043FB54 /* PreferenceKey */,
				B7E79211264134F80043FB54 /* Extension */,
			);
			path = Util;
			sourceTree = "<group>";
		};
		B7E7920326410B930043FB54 /* Logger */ = {
			isa = PBXGroup;
			children = (
				B7E7920426410B930043FB54 /* Logger.swift */,
				B7E7920526410B930043FB54 /* LogType.swift */,
			);
			path = Logger;
			sourceTree = "<group>";
		};
		B7E7920826412EAC0043FB54 /* Component */ = {
			isa = PBXGroup;
			children = (
				B7E7920926412EB30043FB54 /* Button */,
			);
			path = Component;
			sourceTree = "<group>";
		};
		B7E7920926412EB30043FB54 /* Button */ = {
			isa = PBXGroup;
			children = (
				B7E7920A26412EB30043FB54 /* ButtonStyle1.swift */,
				B7E7920B26412EB30043FB54 /* ButtonStyle1Data.swift */,
			);
			path = Button;
			sourceTree = "<group>";
		};
		B7E7920E26412F600043FB54 /* PreferenceKey */ = {
			isa = PBXGroup;
			children = (
				B7E7920F26412F600043FB54 /* FramePreferenceKey.swift */,
			);
			path = PreferenceKey;
			sourceTree = "<group>";
		};
		B7E79211264134F80043FB54 /* Extension */ = {
			isa = PBXGroup;
			children = (
				B7E79212264134F80043FB54 /* ViewExtension.swift */,
			);
			path = Extension;
			sourceTree = "<group>";
		};
		B7F8D3F326438722002B3BED /* Image */ = {
			isa = PBXGroup;
			children = (
				B7F8D3F426438722002B3BED /* ImageDataManager.swift */,
			);
			path = Image;
			sourceTree = "<group>";
		};
		B7F8D3F92643C3EA002B3BED /* Model */ = {
			isa = PBXGroup;
			children = (
				B7F8D3F72643C3E7002B3BED /* GraphCategory.swift */,
			);
			path = Model;
			sourceTree = "<group>";
		};
/* End PBXGroup section */

/* Begin PBXNativeTarget section */
		B73A22362640E0AE006CD531 /* GraphTest */ = {
			isa = PBXNativeTarget;
			buildConfigurationList = B73A22462640E0AF006CD531 /* Build configuration list for PBXNativeTarget "GraphTest" */;
			buildPhases = (
				B73A22332640E0AE006CD531 /* Sources */,
				B73A22342640E0AE006CD531 /* Frameworks */,
				B73A22352640E0AE006CD531 /* Resources */,
			);
			buildRules = (
			);
			dependencies = (
			);
			name = GraphTest;
			productName = ForceDirectedGraph;
			productReference = B73A22372640E0AE006CD531 /* GraphTest.app */;
			productType = "com.apple.product-type.application";
		};
/* End PBXNativeTarget section */

/* Begin PBXProject section */
		B73A222F2640E0AE006CD531 /* Project object */ = {
			isa = PBXProject;
			attributes = {
				LastSwiftUpdateCheck = 1250;
				LastUpgradeCheck = 1250;
				TargetAttributes = {
					B73A22362640E0AE006CD531 = {
						CreatedOnToolsVersion = 12.5;
					};
				};
			};
			buildConfigurationList = B73A22322640E0AE006CD531 /* Build configuration list for PBXProject "GraphTest" */;
			compatibilityVersion = "Xcode 9.3";
			developmentRegion = en;
			hasScannedForEncodings = 0;
			knownRegions = (
				en,
				Base,
			);
			mainGroup = B73A222E2640E0AE006CD531;
			productRefGroup = B73A22382640E0AE006CD531 /* Products */;
			projectDirPath = "";
			projectRoot = "";
			targets = (
				B73A22362640E0AE006CD531 /* GraphTest */,
			);
		};
/* End PBXProject section */

/* Begin PBXResourcesBuildPhase section */
		B73A22352640E0AE006CD531 /* Resources */ = {
			isa = PBXResourcesBuildPhase;
			buildActionMask = 2147483647;
			files = (
				B73A22422640E0AF006CD531 /* Preview Assets.xcassets in Resources */,
				B73A223F2640E0AF006CD531 /* Assets.xcassets in Resources */,
			);
			runOnlyForDeploymentPostprocessing = 0;
		};
/* End PBXResourcesBuildPhase section */

/* Begin PBXSourcesBuildPhase section */
		B73A22332640E0AE006CD531 /* Sources */ = {
			isa = PBXSourcesBuildPhase;
			buildActionMask = 2147483647;
			files = (
				B73A223D2640E0AE006CD531 /* ContentView.swift in Sources */,
				B7F8D3F526438722002B3BED /* ImageDataManager.swift in Sources */,
				B73A223B2640E0AE006CD531 /* ForceDirectedGraphApp.swift in Sources */,
				B7E7921026412F600043FB54 /* FramePreferenceKey.swift in Sources */,
				B7F8D3FB2643C414002B3BED /* GraphData.swift in Sources */,
				B7E7920D26412EB30043FB54 /* ButtonStyle1Data.swift in Sources */,
				B7F8D3F82643C3E7002B3BED /* GraphCategory.swift in Sources */,
				B73A22502640E6EA006CD531 /* GraphScene.swift in Sources */,
				B73A225526410282006CD531 /* GraphView.swift in Sources */,
				B7E7920C26412EB30043FB54 /* ButtonStyle1.swift in Sources */,
				B7E7920626410B930043FB54 /* Logger.swift in Sources */,
				B7E7920726410B930043FB54 /* LogType.swift in Sources */,
				B7E79214264134F80043FB54 /* ViewExtension.swift in Sources */,
			);
			runOnlyForDeploymentPostprocessing = 0;
		};
/* End PBXSourcesBuildPhase section */

/* Begin XCBuildConfiguration section */
		B73A22442640E0AF006CD531 /* Debug */ = {
			isa = XCBuildConfiguration;
			buildSettings = {
				ALWAYS_SEARCH_USER_PATHS = NO;
				CLANG_ANALYZER_NONNULL = YES;
				CLANG_ANALYZER_NUMBER_OBJECT_CONVERSION = YES_AGGRESSIVE;
				CLANG_CXX_LANGUAGE_STANDARD = "gnu++14";
				CLANG_CXX_LIBRARY = "libc++";
				CLANG_ENABLE_MODULES = YES;
				CLANG_ENABLE_OBJC_ARC = YES;
				CLANG_ENABLE_OBJC_WEAK = YES;
				CLANG_WARN_BLOCK_CAPTURE_AUTORELEASING = YES;
				CLANG_WARN_BOOL_CONVERSION = YES;
				CLANG_WARN_COMMA = YES;
				CLANG_WARN_CONSTANT_CONVERSION = YES;
				CLANG_WARN_DEPRECATED_OBJC_IMPLEMENTATIONS = YES;
				CLANG_WARN_DIRECT_OBJC_ISA_USAGE = YES_ERROR;
				CLANG_WARN_DOCUMENTATION_COMMENTS = YES;
				CLANG_WARN_EMPTY_BODY = YES;
				CLANG_WARN_ENUM_CONVERSION = YES;
				CLANG_WARN_INFINITE_RECURSION = YES;
				CLANG_WARN_INT_CONVERSION = YES;
				CLANG_WARN_NON_LITERAL_NULL_CONVERSION = YES;
				CLANG_WARN_OBJC_IMPLICIT_RETAIN_SELF = YES;
				CLANG_WARN_OBJC_LITERAL_CONVERSION = YES;
				CLANG_WARN_OBJC_ROOT_CLASS = YES_ERROR;
				CLANG_WARN_QUOTED_INCLUDE_IN_FRAMEWORK_HEADER = YES;
				CLANG_WARN_RANGE_LOOP_ANALYSIS = YES;
				CLANG_WARN_STRICT_PROTOTYPES = YES;
				CLANG_WARN_SUSPICIOUS_MOVE = YES;
				CLANG_WARN_UNGUARDED_AVAILABILITY = YES_AGGRESSIVE;
				CLANG_WARN_UNREACHABLE_CODE = YES;
				CLANG_WARN__DUPLICATE_METHOD_MATCH = YES;
				COPY_PHASE_STRIP = NO;
				DEBUG_INFORMATION_FORMAT = dwarf;
				ENABLE_STRICT_OBJC_MSGSEND = YES;
				ENABLE_TESTABILITY = YES;
				GCC_C_LANGUAGE_STANDARD = gnu11;
				GCC_DYNAMIC_NO_PIC = NO;
				GCC_NO_COMMON_BLOCKS = YES;
				GCC_OPTIMIZATION_LEVEL = 0;
				GCC_PREPROCESSOR_DEFINITIONS = (
					"DEBUG=1",
					"$(inherited)",
				);
				GCC_WARN_64_TO_32_BIT_CONVERSION = YES;
				GCC_WARN_ABOUT_RETURN_TYPE = YES_ERROR;
				GCC_WARN_UNDECLARED_SELECTOR = YES;
				GCC_WARN_UNINITIALIZED_AUTOS = YES_AGGRESSIVE;
				GCC_WARN_UNUSED_FUNCTION = YES;
				GCC_WARN_UNUSED_VARIABLE = YES;
				IPHONEOS_DEPLOYMENT_TARGET = 14.5;
				MTL_ENABLE_DEBUG_INFO = INCLUDE_SOURCE;
				MTL_FAST_MATH = YES;
				ONLY_ACTIVE_ARCH = YES;
				SDKROOT = iphoneos;
				SWIFT_ACTIVE_COMPILATION_CONDITIONS = DEBUG;
				SWIFT_OPTIMIZATION_LEVEL = "-Onone";
			};
			name = Debug;
		};
		B73A22452640E0AF006CD531 /* Release */ = {
			isa = XCBuildConfiguration;
			buildSettings = {
				ALWAYS_SEARCH_USER_PATHS = NO;
				CLANG_ANALYZER_NONNULL = YES;
				CLANG_ANALYZER_NUMBER_OBJECT_CONVERSION = YES_AGGRESSIVE;
				CLANG_CXX_LANGUAGE_STANDARD = "gnu++14";
				CLANG_CXX_LIBRARY = "libc++";
				CLANG_ENABLE_MODULES = YES;
				CLANG_ENABLE_OBJC_ARC = YES;
				CLANG_ENABLE_OBJC_WEAK = YES;
				CLANG_WARN_BLOCK_CAPTURE_AUTORELEASING = YES;
				CLANG_WARN_BOOL_CONVERSION = YES;
				CLANG_WARN_COMMA = YES;
				CLANG_WARN_CONSTANT_CONVERSION = YES;
				CLANG_WARN_DEPRECATED_OBJC_IMPLEMENTATIONS = YES;
				CLANG_WARN_DIRECT_OBJC_ISA_USAGE = YES_ERROR;
				CLANG_WARN_DOCUMENTATION_COMMENTS = YES;
				CLANG_WARN_EMPTY_BODY = YES;
				CLANG_WARN_ENUM_CONVERSION = YES;
				CLANG_WARN_INFINITE_RECURSION = YES;
				CLANG_WARN_INT_CONVERSION = YES;
				CLANG_WARN_NON_LITERAL_NULL_CONVERSION = YES;
				CLANG_WARN_OBJC_IMPLICIT_RETAIN_SELF = YES;
				CLANG_WARN_OBJC_LITERAL_CONVERSION = YES;
				CLANG_WARN_OBJC_ROOT_CLASS = YES_ERROR;
				CLANG_WARN_QUOTED_INCLUDE_IN_FRAMEWORK_HEADER = YES;
				CLANG_WARN_RANGE_LOOP_ANALYSIS = YES;
				CLANG_WARN_STRICT_PROTOTYPES = YES;
				CLANG_WARN_SUSPICIOUS_MOVE = YES;
				CLANG_WARN_UNGUARDED_AVAILABILITY = YES_AGGRESSIVE;
				CLANG_WARN_UNREACHABLE_CODE = YES;
				CLANG_WARN__DUPLICATE_METHOD_MATCH = YES;
				COPY_PHASE_STRIP = NO;
				DEBUG_INFORMATION_FORMAT = "dwarf-with-dsym";
				ENABLE_NS_ASSERTIONS = NO;
				ENABLE_STRICT_OBJC_MSGSEND = YES;
				GCC_C_LANGUAGE_STANDARD = gnu11;
				GCC_NO_COMMON_BLOCKS = YES;
				GCC_WARN_64_TO_32_BIT_CONVERSION = YES;
				GCC_WARN_ABOUT_RETURN_TYPE = YES_ERROR;
				GCC_WARN_UNDECLARED_SELECTOR = YES;
				GCC_WARN_UNINITIALIZED_AUTOS = YES_AGGRESSIVE;
				GCC_WARN_UNUSED_FUNCTION = YES;
				GCC_WARN_UNUSED_VARIABLE = YES;
				IPHONEOS_DEPLOYMENT_TARGET = 14.5;
				MTL_ENABLE_DEBUG_INFO = NO;
				MTL_FAST_MATH = YES;
				SDKROOT = iphoneos;
				SWIFT_COMPILATION_MODE = wholemodule;
				SWIFT_OPTIMIZATION_LEVEL = "-O";
				VALIDATE_PRODUCT = YES;
			};
			name = Release;
		};
		B73A22472640E0AF006CD531 /* Debug */ = {
			isa = XCBuildConfiguration;
			buildSettings = {
				ASSETCATALOG_COMPILER_APPICON_NAME = AppIcon;
				ASSETCATALOG_COMPILER_GLOBAL_ACCENT_COLOR_NAME = AccentColor;
				CODE_SIGN_STYLE = Automatic;
				DEVELOPMENT_ASSET_PATHS = "\"GraphTest/Preview Content\"";
				DEVELOPMENT_TEAM = C75HZNC664;
				ENABLE_PREVIEWS = YES;
				INFOPLIST_FILE = GraphTest/Info.plist;
				IPHONEOS_DEPLOYMENT_TARGET = 14.0;
				LD_RUNPATH_SEARCH_PATHS = (
					"$(inherited)",
					"@executable_path/Frameworks",
				);
				PRODUCT_BUNDLE_IDENTIFIER = com.nilotic.GraphTest;
				PRODUCT_NAME = "$(TARGET_NAME)";
				SWIFT_VERSION = 5.0;
				TARGETED_DEVICE_FAMILY = "1,2";
			};
			name = Debug;
		};
		B73A22482640E0AF006CD531 /* Release */ = {
			isa = XCBuildConfiguration;
			buildSettings = {
				ASSETCATALOG_COMPILER_APPICON_NAME = AppIcon;
				ASSETCATALOG_COMPILER_GLOBAL_ACCENT_COLOR_NAME = AccentColor;
				CODE_SIGN_STYLE = Automatic;
				DEVELOPMENT_ASSET_PATHS = "\"GraphTest/Preview Content\"";
				DEVELOPMENT_TEAM = C75HZNC664;
				ENABLE_PREVIEWS = YES;
				INFOPLIST_FILE = GraphTest/Info.plist;
				IPHONEOS_DEPLOYMENT_TARGET = 14.0;
				LD_RUNPATH_SEARCH_PATHS = (
					"$(inherited)",
					"@executable_path/Frameworks",
				);
				PRODUCT_BUNDLE_IDENTIFIER = com.nilotic.GraphTest;
				PRODUCT_NAME = "$(TARGET_NAME)";
				SWIFT_VERSION = 5.0;
				TARGETED_DEVICE_FAMILY = "1,2";
			};
			name = Release;
		};
/* End XCBuildConfiguration section */

/* Begin XCConfigurationList section */
		B73A22322640E0AE006CD531 /* Build configuration list for PBXProject "GraphTest" */ = {
			isa = XCConfigurationList;
			buildConfigurations = (
				B73A22442640E0AF006CD531 /* Debug */,
				B73A22452640E0AF006CD531 /* Release */,
			);
			defaultConfigurationIsVisible = 0;
			defaultConfigurationName = Release;
		};
		B73A22462640E0AF006CD531 /* Build configuration list for PBXNativeTarget "GraphTest" */ = {
			isa = XCConfigurationList;
			buildConfigurations = (
				B73A22472640E0AF006CD531 /* Debug */,
				B73A22482640E0AF006CD531 /* Release */,
			);
			defaultConfigurationIsVisible = 0;
			defaultConfigurationName = Release;
		};
/* End XCConfigurationList section */
	};
	rootObject = B73A222F2640E0AE006CD531 /* Project object */;
}
