// !$*UTF8*$!
{
	archiveVersion = 1;
	classes = {
	};
	objectVersion = 50;
	objects = {

/* Begin PBXBuildFile section */
		B70914D62665F09500A5504B /* DepositVertexView.swift in Sources */ = {isa = PBXBuildFile; fileRef = B70914D52665F09500A5504B /* DepositVertexView.swift */; };
		B70914D82665F0A900A5504B /* DepositVertex.swift in Sources */ = {isa = PBXBuildFile; fileRef = B70914D72665F0A900A5504B /* DepositVertex.swift */; };
		B70914DA26660F7E00A5504B /* DraggableButtonModifier.swift in Sources */ = {isa = PBXBuildFile; fileRef = B70914D926660F7E00A5504B /* DraggableButtonModifier.swift */; };
		B70914DC26660FAA00A5504B /* DragStatus.swift in Sources */ = {isa = PBXBuildFile; fileRef = B70914DB26660FAA00A5504B /* DragStatus.swift */; };
		B70914DE2666258E00A5504B /* RipplesView.swift in Sources */ = {isa = PBXBuildFile; fileRef = B70914DD2666258E00A5504B /* RipplesView.swift */; };
		B70A753E265B797B003A0695 /* VertexButtonModifier.swift in Sources */ = {isa = PBXBuildFile; fileRef = B70A753D265B797B003A0695 /* VertexButtonModifier.swift */; };
		B7253AF326563A50009CC281 /* EdgeShape.swift in Sources */ = {isa = PBXBuildFile; fileRef = B7253AF226563A50009CC281 /* EdgeShape.swift */; };
		B7355C8E2657722C0025F035 /* VertexModifier.swift in Sources */ = {isa = PBXBuildFile; fileRef = B7355C8D2657722C0025F035 /* VertexModifier.swift */; };
		B73A223B2640E0AE006CD531 /* GraphTestApp.swift in Sources */ = {isa = PBXBuildFile; fileRef = B73A223A2640E0AE006CD531 /* GraphTestApp.swift */; };
		B73A223F2640E0AF006CD531 /* Assets.xcassets in Resources */ = {isa = PBXBuildFile; fileRef = B73A223E2640E0AF006CD531 /* Assets.xcassets */; };
		B73A22422640E0AF006CD531 /* Preview Assets.xcassets in Resources */ = {isa = PBXBuildFile; fileRef = B73A22412640E0AF006CD531 /* Preview Assets.xcassets */; };
		B73A22502640E6EA006CD531 /* Graph1Scene.swift in Sources */ = {isa = PBXBuildFile; fileRef = B73A224F2640E6EA006CD531 /* Graph1Scene.swift */; };
		B73A225526410282006CD531 /* Graph1View.swift in Sources */ = {isa = PBXBuildFile; fileRef = B73A225426410282006CD531 /* Graph1View.swift */; };
		B76414D6264A5095005EFF13 /* Vertex.swift in Sources */ = {isa = PBXBuildFile; fileRef = B76414D5264A5095005EFF13 /* Vertex.swift */; };
		B76414D8264A54BC005EFF13 /* UserVertex.swift in Sources */ = {isa = PBXBuildFile; fileRef = B76414D7264A54BC005EFF13 /* UserVertex.swift */; };
		B76414DA264A5554005EFF13 /* BankVertex.swift in Sources */ = {isa = PBXBuildFile; fileRef = B76414D9264A5554005EFF13 /* BankVertex.swift */; };
		B76414DC264A559F005EFF13 /* CardVertex.swift in Sources */ = {isa = PBXBuildFile; fileRef = B76414DB264A559F005EFF13 /* CardVertex.swift */; };
		B76414DE264A55C1005EFF13 /* InsuranceVertex.swift in Sources */ = {isa = PBXBuildFile; fileRef = B76414DD264A55C1005EFF13 /* InsuranceVertex.swift */; };
		B76414E0264A55E6005EFF13 /* MobileVertex.swift in Sources */ = {isa = PBXBuildFile; fileRef = B76414DF264A55E6005EFF13 /* MobileVertex.swift */; };
		B76414E2264A5604005EFF13 /* CoworkerVertex.swift in Sources */ = {isa = PBXBuildFile; fileRef = B76414E1264A5604005EFF13 /* CoworkerVertex.swift */; };
		B76416C9264A048C00475F06 /* BankVertexView.swift in Sources */ = {isa = PBXBuildFile; fileRef = B76416C8264A048C00475F06 /* BankVertexView.swift */; };
		B76416CB264A06F600475F06 /* CardVertexView.swift in Sources */ = {isa = PBXBuildFile; fileRef = B76416CA264A06F600475F06 /* CardVertexView.swift */; };
		B76416CD264A075100475F06 /* InsuranceVertexView.swift in Sources */ = {isa = PBXBuildFile; fileRef = B76416CC264A075100475F06 /* InsuranceVertexView.swift */; };
		B76416D0264A07C900475F06 /* MobileVertexView.swift in Sources */ = {isa = PBXBuildFile; fileRef = B76416CF264A07C900475F06 /* MobileVertexView.swift */; };
		B76416D3264A084F00475F06 /* CoworkerVertexView.swift in Sources */ = {isa = PBXBuildFile; fileRef = B76416D2264A084F00475F06 /* CoworkerVertexView.swift */; };
		B76B73A226492F0C00CE7B55 /* Item.swift in Sources */ = {isa = PBXBuildFile; fileRef = B76B73A126492F0C00CE7B55 /* Item.swift */; };
		B77FE41526450F4000EDB7FE /* TabbarView.swift in Sources */ = {isa = PBXBuildFile; fileRef = B77FE41426450F4000EDB7FE /* TabbarView.swift */; };
		B77FE41826450F4800EDB7FE /* TabbarType.swift in Sources */ = {isa = PBXBuildFile; fileRef = B77FE41726450F4800EDB7FE /* TabbarType.swift */; };
		B77FE41B26450F5100EDB7FE /* TabbarItem.swift in Sources */ = {isa = PBXBuildFile; fileRef = B77FE41A26450F5100EDB7FE /* TabbarItem.swift */; };
		B77FE41E2645157400EDB7FE /* Graph2View.swift in Sources */ = {isa = PBXBuildFile; fileRef = B77FE41D2645157400EDB7FE /* Graph2View.swift */; };
		B77FE4202645157E00EDB7FE /* Graph2Scene.swift in Sources */ = {isa = PBXBuildFile; fileRef = B77FE41F2645157E00EDB7FE /* Graph2Scene.swift */; };
		B77FE4222645158700EDB7FE /* Graph2Data.swift in Sources */ = {isa = PBXBuildFile; fileRef = B77FE4212645158700EDB7FE /* Graph2Data.swift */; };
		B77FE4252645273200EDB7FE /* graph.json in Resources */ = {isa = PBXBuildFile; fileRef = B77FE4242645273200EDB7FE /* graph.json */; };
		B77FE4272645297500EDB7FE /* GraphResponse.swift in Sources */ = {isa = PBXBuildFile; fileRef = B77FE4262645297500EDB7FE /* GraphResponse.swift */; };
		B77FE42926452ACA00EDB7FE /* UserNode.swift in Sources */ = {isa = PBXBuildFile; fileRef = B77FE42826452ACA00EDB7FE /* UserNode.swift */; };
		B77FE42B26452B0200EDB7FE /* Graph.swift in Sources */ = {isa = PBXBuildFile; fileRef = B77FE42A26452B0200EDB7FE /* Graph.swift */; };
		B77FE42D26452C0D00EDB7FE /* Node.swift in Sources */ = {isa = PBXBuildFile; fileRef = B77FE42C26452C0D00EDB7FE /* Node.swift */; };
		B77FE42F26452C6600EDB7FE /* BankNode.swift in Sources */ = {isa = PBXBuildFile; fileRef = B77FE42E26452C6600EDB7FE /* BankNode.swift */; };
		B77FE43126452D2900EDB7FE /* GraphType.swift in Sources */ = {isa = PBXBuildFile; fileRef = B77FE43026452D2900EDB7FE /* GraphType.swift */; };
		B77FE43326452E2C00EDB7FE /* CardNode.swift in Sources */ = {isa = PBXBuildFile; fileRef = B77FE43226452E2C00EDB7FE /* CardNode.swift */; };
		B77FE43526452E4900EDB7FE /* InsuranceNode.swift in Sources */ = {isa = PBXBuildFile; fileRef = B77FE43426452E4900EDB7FE /* InsuranceNode.swift */; };
		B77FE43726452E5900EDB7FE /* MobileNode.swift in Sources */ = {isa = PBXBuildFile; fileRef = B77FE43626452E5900EDB7FE /* MobileNode.swift */; };
		B77FE43926452E7200EDB7FE /* CoworkerNode.swift in Sources */ = {isa = PBXBuildFile; fileRef = B77FE43826452E7200EDB7FE /* CoworkerNode.swift */; };
		B7A430BA2652266F00985292 /* VertexButtonStyle.swift in Sources */ = {isa = PBXBuildFile; fileRef = B7A430B92652266F00985292 /* VertexButtonStyle.swift */; };
		B7DAC028264FF5DF00A6EF5D /* GraphCapsule.swift in Sources */ = {isa = PBXBuildFile; fileRef = B7DAC024264FF5DF00A6EF5D /* GraphCapsule.swift */; };
		B7DAC029264FF5DF00A6EF5D /* HikeGraph.swift in Sources */ = {isa = PBXBuildFile; fileRef = B7DAC025264FF5DF00A6EF5D /* HikeGraph.swift */; };
		B7DAC02A264FF5DF00A6EF5D /* HikeDetail.swift in Sources */ = {isa = PBXBuildFile; fileRef = B7DAC026264FF5DF00A6EF5D /* HikeDetail.swift */; };
		B7DAC02B264FF5DF00A6EF5D /* HikeView.swift in Sources */ = {isa = PBXBuildFile; fileRef = B7DAC027264FF5DF00A6EF5D /* HikeView.swift */; };
		B7DAC02E264FF60800A6EF5D /* hikeData.json in Resources */ = {isa = PBXBuildFile; fileRef = B7DAC02C264FF60800A6EF5D /* hikeData.json */; };
		B7DAC02F264FF60800A6EF5D /* Hike.swift in Sources */ = {isa = PBXBuildFile; fileRef = B7DAC02D264FF60800A6EF5D /* Hike.swift */; };
		B7DAC031264FF61600A6EF5D /* ModelData.swift in Sources */ = {isa = PBXBuildFile; fileRef = B7DAC030264FF61600A6EF5D /* ModelData.swift */; };
		B7E7920626410B930043FB54 /* Logger.swift in Sources */ = {isa = PBXBuildFile; fileRef = B7E7920426410B930043FB54 /* Logger.swift */; };
		B7E7920726410B930043FB54 /* LogType.swift in Sources */ = {isa = PBXBuildFile; fileRef = B7E7920526410B930043FB54 /* LogType.swift */; };
		B7E7920C26412EB30043FB54 /* ButtonStyle1.swift in Sources */ = {isa = PBXBuildFile; fileRef = B7E7920A26412EB30043FB54 /* ButtonStyle1.swift */; };
		B7E7921026412F600043FB54 /* FramePreferenceKey.swift in Sources */ = {isa = PBXBuildFile; fileRef = B7E7920F26412F600043FB54 /* FramePreferenceKey.swift */; };
		B7E79214264134F80043FB54 /* ViewExtension.swift in Sources */ = {isa = PBXBuildFile; fileRef = B7E79212264134F80043FB54 /* ViewExtension.swift */; };
		B7F0F0BB264909D600380E82 /* Graph3View.swift in Sources */ = {isa = PBXBuildFile; fileRef = B7F0F0BA264909D600380E82 /* Graph3View.swift */; };
		B7F0F0BD26490AE100380E82 /* Graph3Data.swift in Sources */ = {isa = PBXBuildFile; fileRef = B7F0F0BC26490AE100380E82 /* Graph3Data.swift */; };
		B7F0F0C226490E1F00380E82 /* GraphEdge.swift in Sources */ = {isa = PBXBuildFile; fileRef = B7F0F0C126490E1F00380E82 /* GraphEdge.swift */; };
		B7F0F0C82649219E00380E82 /* UserVertexView.swift in Sources */ = {isa = PBXBuildFile; fileRef = B7F0F0C72649219E00380E82 /* UserVertexView.swift */; };
		B7F8D3F526438722002B3BED /* ImageDataManager.swift in Sources */ = {isa = PBXBuildFile; fileRef = B7F8D3F426438722002B3BED /* ImageDataManager.swift */; };
		B7F8D3F82643C3E7002B3BED /* GraphCategory.swift in Sources */ = {isa = PBXBuildFile; fileRef = B7F8D3F72643C3E7002B3BED /* GraphCategory.swift */; };
		B7F8D3FB2643C414002B3BED /* Graph1Data.swift in Sources */ = {isa = PBXBuildFile; fileRef = B7F8D3FA2643C414002B3BED /* Graph1Data.swift */; };
/* End PBXBuildFile section */

/* Begin PBXFileReference section */
		B70914D52665F09500A5504B /* DepositVertexView.swift */ = {isa = PBXFileReference; lastKnownFileType = sourcecode.swift; path = DepositVertexView.swift; sourceTree = "<group>"; };
		B70914D72665F0A900A5504B /* DepositVertex.swift */ = {isa = PBXFileReference; lastKnownFileType = sourcecode.swift; path = DepositVertex.swift; sourceTree = "<group>"; };
		B70914D926660F7E00A5504B /* DraggableButtonModifier.swift */ = {isa = PBXFileReference; lastKnownFileType = sourcecode.swift; path = DraggableButtonModifier.swift; sourceTree = "<group>"; };
		B70914DB26660FAA00A5504B /* DragStatus.swift */ = {isa = PBXFileReference; lastKnownFileType = sourcecode.swift; path = DragStatus.swift; sourceTree = "<group>"; };
		B70914DD2666258E00A5504B /* RipplesView.swift */ = {isa = PBXFileReference; lastKnownFileType = sourcecode.swift; path = RipplesView.swift; sourceTree = "<group>"; };
		B70A753D265B797B003A0695 /* VertexButtonModifier.swift */ = {isa = PBXFileReference; lastKnownFileType = sourcecode.swift; path = VertexButtonModifier.swift; sourceTree = "<group>"; };
		B7253AF226563A50009CC281 /* EdgeShape.swift */ = {isa = PBXFileReference; lastKnownFileType = sourcecode.swift; path = EdgeShape.swift; sourceTree = "<group>"; };
		B7355C8D2657722C0025F035 /* VertexModifier.swift */ = {isa = PBXFileReference; lastKnownFileType = sourcecode.swift; path = VertexModifier.swift; sourceTree = "<group>"; };
		B73A22372640E0AE006CD531 /* GraphTest.app */ = {isa = PBXFileReference; explicitFileType = wrapper.application; includeInIndex = 0; path = GraphTest.app; sourceTree = BUILT_PRODUCTS_DIR; };
		B73A223A2640E0AE006CD531 /* GraphTestApp.swift */ = {isa = PBXFileReference; lastKnownFileType = sourcecode.swift; path = GraphTestApp.swift; sourceTree = "<group>"; };
		B73A223E2640E0AF006CD531 /* Assets.xcassets */ = {isa = PBXFileReference; lastKnownFileType = folder.assetcatalog; path = Assets.xcassets; sourceTree = "<group>"; };
		B73A22412640E0AF006CD531 /* Preview Assets.xcassets */ = {isa = PBXFileReference; lastKnownFileType = folder.assetcatalog; path = "Preview Assets.xcassets"; sourceTree = "<group>"; };
		B73A22432640E0AF006CD531 /* Info.plist */ = {isa = PBXFileReference; lastKnownFileType = text.plist.xml; path = Info.plist; sourceTree = "<group>"; };
		B73A224F2640E6EA006CD531 /* Graph1Scene.swift */ = {isa = PBXFileReference; lastKnownFileType = sourcecode.swift; path = Graph1Scene.swift; sourceTree = "<group>"; };
		B73A225426410282006CD531 /* Graph1View.swift */ = {isa = PBXFileReference; lastKnownFileType = sourcecode.swift; path = Graph1View.swift; sourceTree = "<group>"; };
		B76414D5264A5095005EFF13 /* Vertex.swift */ = {isa = PBXFileReference; lastKnownFileType = sourcecode.swift; path = Vertex.swift; sourceTree = "<group>"; };
		B76414D7264A54BC005EFF13 /* UserVertex.swift */ = {isa = PBXFileReference; lastKnownFileType = sourcecode.swift; path = UserVertex.swift; sourceTree = "<group>"; };
		B76414D9264A5554005EFF13 /* BankVertex.swift */ = {isa = PBXFileReference; lastKnownFileType = sourcecode.swift; path = BankVertex.swift; sourceTree = "<group>"; };
		B76414DB264A559F005EFF13 /* CardVertex.swift */ = {isa = PBXFileReference; lastKnownFileType = sourcecode.swift; path = CardVertex.swift; sourceTree = "<group>"; };
		B76414DD264A55C1005EFF13 /* InsuranceVertex.swift */ = {isa = PBXFileReference; lastKnownFileType = sourcecode.swift; path = InsuranceVertex.swift; sourceTree = "<group>"; };
		B76414DF264A55E6005EFF13 /* MobileVertex.swift */ = {isa = PBXFileReference; lastKnownFileType = sourcecode.swift; path = MobileVertex.swift; sourceTree = "<group>"; };
		B76414E1264A5604005EFF13 /* CoworkerVertex.swift */ = {isa = PBXFileReference; lastKnownFileType = sourcecode.swift; path = CoworkerVertex.swift; sourceTree = "<group>"; };
		B76416C8264A048C00475F06 /* BankVertexView.swift */ = {isa = PBXFileReference; lastKnownFileType = sourcecode.swift; path = BankVertexView.swift; sourceTree = "<group>"; };
		B76416CA264A06F600475F06 /* CardVertexView.swift */ = {isa = PBXFileReference; lastKnownFileType = sourcecode.swift; path = CardVertexView.swift; sourceTree = "<group>"; };
		B76416CC264A075100475F06 /* InsuranceVertexView.swift */ = {isa = PBXFileReference; lastKnownFileType = sourcecode.swift; path = InsuranceVertexView.swift; sourceTree = "<group>"; };
		B76416CF264A07C900475F06 /* MobileVertexView.swift */ = {isa = PBXFileReference; lastKnownFileType = sourcecode.swift; path = MobileVertexView.swift; sourceTree = "<group>"; };
		B76416D2264A084F00475F06 /* CoworkerVertexView.swift */ = {isa = PBXFileReference; lastKnownFileType = sourcecode.swift; path = CoworkerVertexView.swift; sourceTree = "<group>"; };
		B76B73A126492F0C00CE7B55 /* Item.swift */ = {isa = PBXFileReference; fileEncoding = 4; lastKnownFileType = sourcecode.swift; path = Item.swift; sourceTree = "<group>"; };
		B77FE41426450F4000EDB7FE /* TabbarView.swift */ = {isa = PBXFileReference; fileEncoding = 4; lastKnownFileType = sourcecode.swift; path = TabbarView.swift; sourceTree = "<group>"; };
		B77FE41726450F4800EDB7FE /* TabbarType.swift */ = {isa = PBXFileReference; fileEncoding = 4; lastKnownFileType = sourcecode.swift; path = TabbarType.swift; sourceTree = "<group>"; };
		B77FE41A26450F5100EDB7FE /* TabbarItem.swift */ = {isa = PBXFileReference; fileEncoding = 4; lastKnownFileType = sourcecode.swift; path = TabbarItem.swift; sourceTree = "<group>"; };
		B77FE41D2645157400EDB7FE /* Graph2View.swift */ = {isa = PBXFileReference; lastKnownFileType = sourcecode.swift; path = Graph2View.swift; sourceTree = "<group>"; };
		B77FE41F2645157E00EDB7FE /* Graph2Scene.swift */ = {isa = PBXFileReference; lastKnownFileType = sourcecode.swift; path = Graph2Scene.swift; sourceTree = "<group>"; };
		B77FE4212645158700EDB7FE /* Graph2Data.swift */ = {isa = PBXFileReference; lastKnownFileType = sourcecode.swift; path = Graph2Data.swift; sourceTree = "<group>"; };
		B77FE4242645273200EDB7FE /* graph.json */ = {isa = PBXFileReference; fileEncoding = 4; lastKnownFileType = text.json; path = graph.json; sourceTree = "<group>"; };
		B77FE4262645297500EDB7FE /* GraphResponse.swift */ = {isa = PBXFileReference; lastKnownFileType = sourcecode.swift; path = GraphResponse.swift; sourceTree = "<group>"; };
		B77FE42826452ACA00EDB7FE /* UserNode.swift */ = {isa = PBXFileReference; lastKnownFileType = sourcecode.swift; path = UserNode.swift; sourceTree = "<group>"; };
		B77FE42A26452B0200EDB7FE /* Graph.swift */ = {isa = PBXFileReference; lastKnownFileType = sourcecode.swift; path = Graph.swift; sourceTree = "<group>"; };
		B77FE42C26452C0D00EDB7FE /* Node.swift */ = {isa = PBXFileReference; lastKnownFileType = sourcecode.swift; path = Node.swift; sourceTree = "<group>"; };
		B77FE42E26452C6600EDB7FE /* BankNode.swift */ = {isa = PBXFileReference; lastKnownFileType = sourcecode.swift; path = BankNode.swift; sourceTree = "<group>"; };
		B77FE43026452D2900EDB7FE /* GraphType.swift */ = {isa = PBXFileReference; lastKnownFileType = sourcecode.swift; path = GraphType.swift; sourceTree = "<group>"; };
		B77FE43226452E2C00EDB7FE /* CardNode.swift */ = {isa = PBXFileReference; lastKnownFileType = sourcecode.swift; path = CardNode.swift; sourceTree = "<group>"; };
		B77FE43426452E4900EDB7FE /* InsuranceNode.swift */ = {isa = PBXFileReference; lastKnownFileType = sourcecode.swift; path = InsuranceNode.swift; sourceTree = "<group>"; };
		B77FE43626452E5900EDB7FE /* MobileNode.swift */ = {isa = PBXFileReference; lastKnownFileType = sourcecode.swift; path = MobileNode.swift; sourceTree = "<group>"; };
		B77FE43826452E7200EDB7FE /* CoworkerNode.swift */ = {isa = PBXFileReference; lastKnownFileType = sourcecode.swift; path = CoworkerNode.swift; sourceTree = "<group>"; };
		B7A430B92652266F00985292 /* VertexButtonStyle.swift */ = {isa = PBXFileReference; lastKnownFileType = sourcecode.swift; path = VertexButtonStyle.swift; sourceTree = "<group>"; };
		B7DAC024264FF5DF00A6EF5D /* GraphCapsule.swift */ = {isa = PBXFileReference; fileEncoding = 4; lastKnownFileType = sourcecode.swift; path = GraphCapsule.swift; sourceTree = "<group>"; };
		B7DAC025264FF5DF00A6EF5D /* HikeGraph.swift */ = {isa = PBXFileReference; fileEncoding = 4; lastKnownFileType = sourcecode.swift; path = HikeGraph.swift; sourceTree = "<group>"; };
		B7DAC026264FF5DF00A6EF5D /* HikeDetail.swift */ = {isa = PBXFileReference; fileEncoding = 4; lastKnownFileType = sourcecode.swift; path = HikeDetail.swift; sourceTree = "<group>"; };
		B7DAC027264FF5DF00A6EF5D /* HikeView.swift */ = {isa = PBXFileReference; fileEncoding = 4; lastKnownFileType = sourcecode.swift; path = HikeView.swift; sourceTree = "<group>"; };
		B7DAC02C264FF60800A6EF5D /* hikeData.json */ = {isa = PBXFileReference; fileEncoding = 4; lastKnownFileType = text.json; path = hikeData.json; sourceTree = "<group>"; };
		B7DAC02D264FF60800A6EF5D /* Hike.swift */ = {isa = PBXFileReference; fileEncoding = 4; lastKnownFileType = sourcecode.swift; path = Hike.swift; sourceTree = "<group>"; };
		B7DAC030264FF61600A6EF5D /* ModelData.swift */ = {isa = PBXFileReference; fileEncoding = 4; lastKnownFileType = sourcecode.swift; path = ModelData.swift; sourceTree = "<group>"; };
		B7E7920426410B930043FB54 /* Logger.swift */ = {isa = PBXFileReference; fileEncoding = 4; lastKnownFileType = sourcecode.swift; path = Logger.swift; sourceTree = "<group>"; };
		B7E7920526410B930043FB54 /* LogType.swift */ = {isa = PBXFileReference; fileEncoding = 4; lastKnownFileType = sourcecode.swift; path = LogType.swift; sourceTree = "<group>"; };
		B7E7920A26412EB30043FB54 /* ButtonStyle1.swift */ = {isa = PBXFileReference; fileEncoding = 4; lastKnownFileType = sourcecode.swift; path = ButtonStyle1.swift; sourceTree = "<group>"; };
		B7E7920F26412F600043FB54 /* FramePreferenceKey.swift */ = {isa = PBXFileReference; fileEncoding = 4; lastKnownFileType = sourcecode.swift; path = FramePreferenceKey.swift; sourceTree = "<group>"; };
		B7E79212264134F80043FB54 /* ViewExtension.swift */ = {isa = PBXFileReference; fileEncoding = 4; lastKnownFileType = sourcecode.swift; path = ViewExtension.swift; sourceTree = "<group>"; };
		B7F0F0BA264909D600380E82 /* Graph3View.swift */ = {isa = PBXFileReference; lastKnownFileType = sourcecode.swift; path = Graph3View.swift; sourceTree = "<group>"; };
		B7F0F0BC26490AE100380E82 /* Graph3Data.swift */ = {isa = PBXFileReference; lastKnownFileType = sourcecode.swift; path = Graph3Data.swift; sourceTree = "<group>"; };
		B7F0F0C126490E1F00380E82 /* GraphEdge.swift */ = {isa = PBXFileReference; lastKnownFileType = sourcecode.swift; path = GraphEdge.swift; sourceTree = "<group>"; };
		B7F0F0C72649219E00380E82 /* UserVertexView.swift */ = {isa = PBXFileReference; lastKnownFileType = sourcecode.swift; path = UserVertexView.swift; sourceTree = "<group>"; };
		B7F8D3F426438722002B3BED /* ImageDataManager.swift */ = {isa = PBXFileReference; fileEncoding = 4; lastKnownFileType = sourcecode.swift; path = ImageDataManager.swift; sourceTree = "<group>"; };
		B7F8D3F72643C3E7002B3BED /* GraphCategory.swift */ = {isa = PBXFileReference; fileEncoding = 4; lastKnownFileType = sourcecode.swift; path = GraphCategory.swift; sourceTree = "<group>"; };
		B7F8D3FA2643C414002B3BED /* Graph1Data.swift */ = {isa = PBXFileReference; fileEncoding = 4; lastKnownFileType = sourcecode.swift; path = Graph1Data.swift; sourceTree = "<group>"; };
/* End PBXFileReference section */

/* Begin PBXFrameworksBuildPhase section */
		B73A22342640E0AE006CD531 /* Frameworks */ = {
			isa = PBXFrameworksBuildPhase;
			buildActionMask = 2147483647;
			files = (
			);
			runOnlyForDeploymentPostprocessing = 0;
		};
/* End PBXFrameworksBuildPhase section */

/* Begin PBXGroup section */
		B70A753C265B7964003A0695 /* ViewModifier */ = {
			isa = PBXGroup;
			children = (
				B70A753D265B797B003A0695 /* VertexButtonModifier.swift */,
				B70914D926660F7E00A5504B /* DraggableButtonModifier.swift */,
				B70914DB26660FAA00A5504B /* DragStatus.swift */,
			);
			path = ViewModifier;
			sourceTree = "<group>";
		};
		B73A222E2640E0AE006CD531 = {
			isa = PBXGroup;
			children = (
				B73A22392640E0AE006CD531 /* GraphTest */,
				B73A22382640E0AE006CD531 /* Products */,
			);
			sourceTree = "<group>";
		};
		B73A22382640E0AE006CD531 /* Products */ = {
			isa = PBXGroup;
			children = (
				B73A22372640E0AE006CD531 /* GraphTest.app */,
			);
			name = Products;
			sourceTree = "<group>";
		};
		B73A22392640E0AE006CD531 /* GraphTest */ = {
			isa = PBXGroup;
			children = (
				B73A223A2640E0AE006CD531 /* GraphTestApp.swift */,
				B77FE41326450F2D00EDB7FE /* Tabbar */,
				B73A224E2640E6CF006CD531 /* Graph1 */,
				B77FE41C2645156400EDB7FE /* Graph2 */,
				B7F0F0B9264909C400380E82 /* Graph3 */,
				B7E7920826412EAC0043FB54 /* Component */,
				B7E7920226410B850043FB54 /* Util */,
				B73A223E2640E0AF006CD531 /* Assets.xcassets */,
				B73A22432640E0AF006CD531 /* Info.plist */,
				B73A22402640E0AF006CD531 /* Preview Content */,
			);
			path = GraphTest;
			sourceTree = "<group>";
		};
		B73A22402640E0AF006CD531 /* Preview Content */ = {
			isa = PBXGroup;
			children = (
				B73A22412640E0AF006CD531 /* Preview Assets.xcassets */,
			);
			path = "Preview Content";
			sourceTree = "<group>";
		};
		B73A224E2640E6CF006CD531 /* Graph1 */ = {
			isa = PBXGroup;
			children = (
				B73A225426410282006CD531 /* Graph1View.swift */,
				B73A224F2640E6EA006CD531 /* Graph1Scene.swift */,
				B7F8D3FA2643C414002B3BED /* Graph1Data.swift */,
				B7F8D3F92643C3EA002B3BED /* Model */,
			);
			path = Graph1;
			sourceTree = "<group>";
		};
		B76B73A026492F0C00CE7B55 /* HashableItem */ = {
			isa = PBXGroup;
			children = (
				B76B73A126492F0C00CE7B55 /* Item.swift */,
			);
			path = HashableItem;
			sourceTree = "<group>";
		};
		B77FE41326450F2D00EDB7FE /* Tabbar */ = {
			isa = PBXGroup;
			children = (
				B77FE41426450F4000EDB7FE /* TabbarView.swift */,
				B77FE41626450F4800EDB7FE /* Model */,
				B77FE41926450F5100EDB7FE /* View */,
			);
			path = Tabbar;
			sourceTree = "<group>";
		};
		B77FE41626450F4800EDB7FE /* Model */ = {
			isa = PBXGroup;
			children = (
				B77FE41726450F4800EDB7FE /* TabbarType.swift */,
			);
			path = Model;
			sourceTree = "<group>";
		};
		B77FE41926450F5100EDB7FE /* View */ = {
			isa = PBXGroup;
			children = (
				B77FE41A26450F5100EDB7FE /* TabbarItem.swift */,
			);
			path = View;
			sourceTree = "<group>";
		};
		B77FE41C2645156400EDB7FE /* Graph2 */ = {
			isa = PBXGroup;
			children = (
				B77FE41D2645157400EDB7FE /* Graph2View.swift */,
				B77FE41F2645157E00EDB7FE /* Graph2Scene.swift */,
				B77FE4212645158700EDB7FE /* Graph2Data.swift */,
				B77FE4232645158C00EDB7FE /* Model */,
			);
			path = Graph2;
			sourceTree = "<group>";
		};
		B77FE4232645158C00EDB7FE /* Model */ = {
			isa = PBXGroup;
			children = (
				B77FE4242645273200EDB7FE /* graph.json */,
				B77FE4262645297500EDB7FE /* GraphResponse.swift */,
				B77FE42826452ACA00EDB7FE /* UserNode.swift */,
				B77FE42A26452B0200EDB7FE /* Graph.swift */,
				B77FE43026452D2900EDB7FE /* GraphType.swift */,
				B77FE42C26452C0D00EDB7FE /* Node.swift */,
				B77FE42E26452C6600EDB7FE /* BankNode.swift */,
				B77FE43226452E2C00EDB7FE /* CardNode.swift */,
				B77FE43426452E4900EDB7FE /* InsuranceNode.swift */,
				B77FE43626452E5900EDB7FE /* MobileNode.swift */,
				B77FE43826452E7200EDB7FE /* CoworkerNode.swift */,
			);
			path = Model;
			sourceTree = "<group>";
		};
		B7DAC023264FF5DF00A6EF5D /* Hikes */ = {
			isa = PBXGroup;
			children = (
				B7DAC027264FF5DF00A6EF5D /* HikeView.swift */,
				B7DAC02D264FF60800A6EF5D /* Hike.swift */,
				B7DAC02C264FF60800A6EF5D /* hikeData.json */,
				B7DAC030264FF61600A6EF5D /* ModelData.swift */,
				B7DAC024264FF5DF00A6EF5D /* GraphCapsule.swift */,
				B7DAC025264FF5DF00A6EF5D /* HikeGraph.swift */,
				B7DAC026264FF5DF00A6EF5D /* HikeDetail.swift */,
			);
			path = Hikes;
			sourceTree = "<group>";
		};
		B7E7920226410B850043FB54 /* Util */ = {
			isa = PBXGroup;
			children = (
				B7E7920326410B930043FB54 /* Logger */,
				B76B73A026492F0C00CE7B55 /* HashableItem */,
				B7F8D3F326438722002B3BED /* Image */,
				B7E7920E26412F600043FB54 /* PreferenceKey */,
				B7E79211264134F80043FB54 /* Extension */,
			);
			path = Util;
			sourceTree = "<group>";
		};
		B7E7920326410B930043FB54 /* Logger */ = {
			isa = PBXGroup;
			children = (
				B7E7920426410B930043FB54 /* Logger.swift */,
				B7E7920526410B930043FB54 /* LogType.swift */,
			);
			path = Logger;
			sourceTree = "<group>";
		};
		B7E7920826412EAC0043FB54 /* Component */ = {
			isa = PBXGroup;
			children = (
				B7E7920926412EB30043FB54 /* ButtonStyle */,
				B70A753C265B7964003A0695 /* ViewModifier */,
			);
			path = Component;
			sourceTree = "<group>";
		};
		B7E7920926412EB30043FB54 /* ButtonStyle */ = {
			isa = PBXGroup;
			children = (
				B7E7920A26412EB30043FB54 /* ButtonStyle1.swift */,
				B7A430B92652266F00985292 /* VertexButtonStyle.swift */,
			);
			path = ButtonStyle;
			sourceTree = "<group>";
		};
		B7E7920E26412F600043FB54 /* PreferenceKey */ = {
			isa = PBXGroup;
			children = (
				B7E7920F26412F600043FB54 /* FramePreferenceKey.swift */,
			);
			path = PreferenceKey;
			sourceTree = "<group>";
		};
		B7E79211264134F80043FB54 /* Extension */ = {
			isa = PBXGroup;
			children = (
				B7E79212264134F80043FB54 /* ViewExtension.swift */,
			);
			path = Extension;
			sourceTree = "<group>";
		};
		B7F0F0B9264909C400380E82 /* Graph3 */ = {
			isa = PBXGroup;
			children = (
				B7F0F0BA264909D600380E82 /* Graph3View.swift */,
				B7F0F0BC26490AE100380E82 /* Graph3Data.swift */,
				B7DAC023264FF5DF00A6EF5D /* Hikes */,
				B7F0F0C42649202900380E82 /* View */,
				B7F0F0C32649136800380E82 /* Model */,
			);
			path = Graph3;
			sourceTree = "<group>";
		};
		B7F0F0C32649136800380E82 /* Model */ = {
			isa = PBXGroup;
			children = (
				B76414D5264A5095005EFF13 /* Vertex.swift */,
				B76414D7264A54BC005EFF13 /* UserVertex.swift */,
				B76414D9264A5554005EFF13 /* BankVertex.swift */,
				B76414DB264A559F005EFF13 /* CardVertex.swift */,
				B76414DD264A55C1005EFF13 /* InsuranceVertex.swift */,
				B76414DF264A55E6005EFF13 /* MobileVertex.swift */,
				B76414E1264A5604005EFF13 /* CoworkerVertex.swift */,
				B70914D72665F0A900A5504B /* DepositVertex.swift */,
				B7F0F0C126490E1F00380E82 /* GraphEdge.swift */,
			);
			path = Model;
			sourceTree = "<group>";
		};
		B7F0F0C42649202900380E82 /* View */ = {
			isa = PBXGroup;
			children = (
				B7F0F0C72649219E00380E82 /* UserVertexView.swift */,
				B76416C8264A048C00475F06 /* BankVertexView.swift */,
				B76416CA264A06F600475F06 /* CardVertexView.swift */,
				B76416CC264A075100475F06 /* InsuranceVertexView.swift */,
				B76416CF264A07C900475F06 /* MobileVertexView.swift */,
				B76416D2264A084F00475F06 /* CoworkerVertexView.swift */,
				B70914D52665F09500A5504B /* DepositVertexView.swift */,
				B7253AF226563A50009CC281 /* EdgeShape.swift */,
				B7355C8D2657722C0025F035 /* VertexModifier.swift */,
				B70914DD2666258E00A5504B /* RipplesView.swift */,
			);
			path = View;
			sourceTree = "<group>";
		};
		B7F8D3F326438722002B3BED /* Image */ = {
			isa = PBXGroup;
			children = (
				B7F8D3F426438722002B3BED /* ImageDataManager.swift */,
			);
			path = Image;
			sourceTree = "<group>";
		};
		B7F8D3F92643C3EA002B3BED /* Model */ = {
			isa = PBXGroup;
			children = (
				B7F8D3F72643C3E7002B3BED /* GraphCategory.swift */,
			);
			path = Model;
			sourceTree = "<group>";
		};
/* End PBXGroup section */

/* Begin PBXNativeTarget section */
		B73A22362640E0AE006CD531 /* GraphTest */ = {
			isa = PBXNativeTarget;
			buildConfigurationList = B73A22462640E0AF006CD531 /* Build configuration list for PBXNativeTarget "GraphTest" */;
			buildPhases = (
				B73A22332640E0AE006CD531 /* Sources */,
				B73A22342640E0AE006CD531 /* Frameworks */,
				B73A22352640E0AE006CD531 /* Resources */,
			);
			buildRules = (
			);
			dependencies = (
			);
			name = GraphTest;
			productName = ForceDirectedGraph;
			productReference = B73A22372640E0AE006CD531 /* GraphTest.app */;
			productType = "com.apple.product-type.application";
		};
/* End PBXNativeTarget section */

/* Begin PBXProject section */
		B73A222F2640E0AE006CD531 /* Project object */ = {
			isa = PBXProject;
			attributes = {
				LastSwiftUpdateCheck = 1250;
				LastUpgradeCheck = 1250;
				TargetAttributes = {
					B73A22362640E0AE006CD531 = {
						CreatedOnToolsVersion = 12.5;
					};
				};
			};
			buildConfigurationList = B73A22322640E0AE006CD531 /* Build configuration list for PBXProject "GraphTest" */;
			compatibilityVersion = "Xcode 9.3";
			developmentRegion = en;
			hasScannedForEncodings = 0;
			knownRegions = (
				en,
				Base,
			);
			mainGroup = B73A222E2640E0AE006CD531;
			productRefGroup = B73A22382640E0AE006CD531 /* Products */;
			projectDirPath = "";
			projectRoot = "";
			targets = (
				B73A22362640E0AE006CD531 /* GraphTest */,
			);
		};
/* End PBXProject section */

/* Begin PBXResourcesBuildPhase section */
		B73A22352640E0AE006CD531 /* Resources */ = {
			isa = PBXResourcesBuildPhase;
			buildActionMask = 2147483647;
			files = (
				B7DAC02E264FF60800A6EF5D /* hikeData.json in Resources */,
				B77FE4252645273200EDB7FE /* graph.json in Resources */,
				B73A22422640E0AF006CD531 /* Preview Assets.xcassets in Resources */,
				B73A223F2640E0AF006CD531 /* Assets.xcassets in Resources */,
			);
			runOnlyForDeploymentPostprocessing = 0;
		};
/* End PBXResourcesBuildPhase section */

/* Begin PBXSourcesBuildPhase section */
		B73A22332640E0AE006CD531 /* Sources */ = {
			isa = PBXSourcesBuildPhase;
			buildActionMask = 2147483647;
			files = (
				B77FE42B26452B0200EDB7FE /* Graph.swift in Sources */,
				B7F8D3F526438722002B3BED /* ImageDataManager.swift in Sources */,
				B76416CD264A075100475F06 /* InsuranceVertexView.swift in Sources */,
				B76B73A226492F0C00CE7B55 /* Item.swift in Sources */,
				B77FE43326452E2C00EDB7FE /* CardNode.swift in Sources */,
				B73A223B2640E0AE006CD531 /* GraphTestApp.swift in Sources */,
				B70A753E265B797B003A0695 /* VertexButtonModifier.swift in Sources */,
				B7DAC028264FF5DF00A6EF5D /* GraphCapsule.swift in Sources */,
				B7E7921026412F600043FB54 /* FramePreferenceKey.swift in Sources */,
				B70914DA26660F7E00A5504B /* DraggableButtonModifier.swift in Sources */,
				B7F8D3FB2643C414002B3BED /* Graph1Data.swift in Sources */,
				B76416D3264A084F00475F06 /* CoworkerVertexView.swift in Sources */,
				B77FE43126452D2900EDB7FE /* GraphType.swift in Sources */,
				B77FE43526452E4900EDB7FE /* InsuranceNode.swift in Sources */,
				B7F0F0C226490E1F00380E82 /* GraphEdge.swift in Sources */,
				B70914DC26660FAA00A5504B /* DragStatus.swift in Sources */,
				B77FE41B26450F5100EDB7FE /* TabbarItem.swift in Sources */,
				B76414DE264A55C1005EFF13 /* InsuranceVertex.swift in Sources */,
				B77FE42F26452C6600EDB7FE /* BankNode.swift in Sources */,
				B7DAC031264FF61600A6EF5D /* ModelData.swift in Sources */,
				B7F8D3F82643C3E7002B3BED /* GraphCategory.swift in Sources */,
				B76414D8264A54BC005EFF13 /* UserVertex.swift in Sources */,
				B76414DA264A5554005EFF13 /* BankVertex.swift in Sources */,
				B73A22502640E6EA006CD531 /* Graph1Scene.swift in Sources */,
				B7DAC029264FF5DF00A6EF5D /* HikeGraph.swift in Sources */,
				B77FE43926452E7200EDB7FE /* CoworkerNode.swift in Sources */,
				B7DAC02B264FF5DF00A6EF5D /* HikeView.swift in Sources */,
				B7F0F0C82649219E00380E82 /* UserVertexView.swift in Sources */,
				B77FE42926452ACA00EDB7FE /* UserNode.swift in Sources */,
				B7355C8E2657722C0025F035 /* VertexModifier.swift in Sources */,
				B76414D6264A5095005EFF13 /* Vertex.swift in Sources */,
				B7F0F0BB264909D600380E82 /* Graph3View.swift in Sources */,
				B76416D0264A07C900475F06 /* MobileVertexView.swift in Sources */,
				B76414DC264A559F005EFF13 /* CardVertex.swift in Sources */,
				B77FE41526450F4000EDB7FE /* TabbarView.swift in Sources */,
				B7A430BA2652266F00985292 /* VertexButtonStyle.swift in Sources */,
				B77FE4222645158700EDB7FE /* Graph2Data.swift in Sources */,
				B73A225526410282006CD531 /* Graph1View.swift in Sources */,
				B70914DE2666258E00A5504B /* RipplesView.swift in Sources */,
				B70914D82665F0A900A5504B /* DepositVertex.swift in Sources */,
				B76416CB264A06F600475F06 /* CardVertexView.swift in Sources */,
				B76414E0264A55E6005EFF13 /* MobileVertex.swift in Sources */,
				B77FE41E2645157400EDB7FE /* Graph2View.swift in Sources */,
				B7F0F0BD26490AE100380E82 /* Graph3Data.swift in Sources */,
				B77FE43726452E5900EDB7FE /* MobileNode.swift in Sources */,
				B77FE41826450F4800EDB7FE /* TabbarType.swift in Sources */,
				B77FE42D26452C0D00EDB7FE /* Node.swift in Sources */,
				B7DAC02F264FF60800A6EF5D /* Hike.swift in Sources */,
				B7E7920C26412EB30043FB54 /* ButtonStyle1.swift in Sources */,
				B77FE4272645297500EDB7FE /* GraphResponse.swift in Sources */,
				B7E7920626410B930043FB54 /* Logger.swift in Sources */,
				B76416C9264A048C00475F06 /* BankVertexView.swift in Sources */,
				B7E7920726410B930043FB54 /* LogType.swift in Sources */,
				B77FE4202645157E00EDB7FE /* Graph2Scene.swift in Sources */,
				B7253AF326563A50009CC281 /* EdgeShape.swift in Sources */,
				B76414E2264A5604005EFF13 /* CoworkerVertex.swift in Sources */,
				B7E79214264134F80043FB54 /* ViewExtension.swift in Sources */,
				B7DAC02A264FF5DF00A6EF5D /* HikeDetail.swift in Sources */,
				B70914D62665F09500A5504B /* DepositVertexView.swift in Sources */,
			);
			runOnlyForDeploymentPostprocessing = 0;
		};
/* End PBXSourcesBuildPhase section */

/* Begin XCBuildConfiguration section */
		B73A22442640E0AF006CD531 /* Debug */ = {
			isa = XCBuildConfiguration;
			buildSettings = {
				ALWAYS_SEARCH_USER_PATHS = NO;
				CLANG_ANALYZER_NONNULL = YES;
				CLANG_ANALYZER_NUMBER_OBJECT_CONVERSION = YES_AGGRESSIVE;
				CLANG_CXX_LANGUAGE_STANDARD = "gnu++14";
				CLANG_CXX_LIBRARY = "libc++";
				CLANG_ENABLE_MODULES = YES;
				CLANG_ENABLE_OBJC_ARC = YES;
				CLANG_ENABLE_OBJC_WEAK = YES;
				CLANG_WARN_BLOCK_CAPTURE_AUTORELEASING = YES;
				CLANG_WARN_BOOL_CONVERSION = YES;
				CLANG_WARN_COMMA = YES;
				CLANG_WARN_CONSTANT_CONVERSION = YES;
				CLANG_WARN_DEPRECATED_OBJC_IMPLEMENTATIONS = YES;
				CLANG_WARN_DIRECT_OBJC_ISA_USAGE = YES_ERROR;
				CLANG_WARN_DOCUMENTATION_COMMENTS = YES;
				CLANG_WARN_EMPTY_BODY = YES;
				CLANG_WARN_ENUM_CONVERSION = YES;
				CLANG_WARN_INFINITE_RECURSION = YES;
				CLANG_WARN_INT_CONVERSION = YES;
				CLANG_WARN_NON_LITERAL_NULL_CONVERSION = YES;
				CLANG_WARN_OBJC_IMPLICIT_RETAIN_SELF = YES;
				CLANG_WARN_OBJC_LITERAL_CONVERSION = YES;
				CLANG_WARN_OBJC_ROOT_CLASS = YES_ERROR;
				CLANG_WARN_QUOTED_INCLUDE_IN_FRAMEWORK_HEADER = YES;
				CLANG_WARN_RANGE_LOOP_ANALYSIS = YES;
				CLANG_WARN_STRICT_PROTOTYPES = YES;
				CLANG_WARN_SUSPICIOUS_MOVE = YES;
				CLANG_WARN_UNGUARDED_AVAILABILITY = YES_AGGRESSIVE;
				CLANG_WARN_UNREACHABLE_CODE = YES;
				CLANG_WARN__DUPLICATE_METHOD_MATCH = YES;
				COPY_PHASE_STRIP = NO;
				DEBUG_INFORMATION_FORMAT = dwarf;
				ENABLE_STRICT_OBJC_MSGSEND = YES;
				ENABLE_TESTABILITY = YES;
				GCC_C_LANGUAGE_STANDARD = gnu11;
				GCC_DYNAMIC_NO_PIC = NO;
				GCC_NO_COMMON_BLOCKS = YES;
				GCC_OPTIMIZATION_LEVEL = 0;
				GCC_PREPROCESSOR_DEFINITIONS = (
					"DEBUG=1",
					"$(inherited)",
				);
				GCC_WARN_64_TO_32_BIT_CONVERSION = YES;
				GCC_WARN_ABOUT_RETURN_TYPE = YES_ERROR;
				GCC_WARN_UNDECLARED_SELECTOR = YES;
				GCC_WARN_UNINITIALIZED_AUTOS = YES_AGGRESSIVE;
				GCC_WARN_UNUSED_FUNCTION = YES;
				GCC_WARN_UNUSED_VARIABLE = YES;
				IPHONEOS_DEPLOYMENT_TARGET = 14.5;
				MTL_ENABLE_DEBUG_INFO = INCLUDE_SOURCE;
				MTL_FAST_MATH = YES;
				ONLY_ACTIVE_ARCH = YES;
				SDKROOT = iphoneos;
				SWIFT_ACTIVE_COMPILATION_CONDITIONS = DEBUG;
				SWIFT_OPTIMIZATION_LEVEL = "-Onone";
			};
			name = Debug;
		};
		B73A22452640E0AF006CD531 /* Release */ = {
			isa = XCBuildConfiguration;
			buildSettings = {
				ALWAYS_SEARCH_USER_PATHS = NO;
				CLANG_ANALYZER_NONNULL = YES;
				CLANG_ANALYZER_NUMBER_OBJECT_CONVERSION = YES_AGGRESSIVE;
				CLANG_CXX_LANGUAGE_STANDARD = "gnu++14";
				CLANG_CXX_LIBRARY = "libc++";
				CLANG_ENABLE_MODULES = YES;
				CLANG_ENABLE_OBJC_ARC = YES;
				CLANG_ENABLE_OBJC_WEAK = YES;
				CLANG_WARN_BLOCK_CAPTURE_AUTORELEASING = YES;
				CLANG_WARN_BOOL_CONVERSION = YES;
				CLANG_WARN_COMMA = YES;
				CLANG_WARN_CONSTANT_CONVERSION = YES;
				CLANG_WARN_DEPRECATED_OBJC_IMPLEMENTATIONS = YES;
				CLANG_WARN_DIRECT_OBJC_ISA_USAGE = YES_ERROR;
				CLANG_WARN_DOCUMENTATION_COMMENTS = YES;
				CLANG_WARN_EMPTY_BODY = YES;
				CLANG_WARN_ENUM_CONVERSION = YES;
				CLANG_WARN_INFINITE_RECURSION = YES;
				CLANG_WARN_INT_CONVERSION = YES;
				CLANG_WARN_NON_LITERAL_NULL_CONVERSION = YES;
				CLANG_WARN_OBJC_IMPLICIT_RETAIN_SELF = YES;
				CLANG_WARN_OBJC_LITERAL_CONVERSION = YES;
				CLANG_WARN_OBJC_ROOT_CLASS = YES_ERROR;
				CLANG_WARN_QUOTED_INCLUDE_IN_FRAMEWORK_HEADER = YES;
				CLANG_WARN_RANGE_LOOP_ANALYSIS = YES;
				CLANG_WARN_STRICT_PROTOTYPES = YES;
				CLANG_WARN_SUSPICIOUS_MOVE = YES;
				CLANG_WARN_UNGUARDED_AVAILABILITY = YES_AGGRESSIVE;
				CLANG_WARN_UNREACHABLE_CODE = YES;
				CLANG_WARN__DUPLICATE_METHOD_MATCH = YES;
				COPY_PHASE_STRIP = NO;
				DEBUG_INFORMATION_FORMAT = "dwarf-with-dsym";
				ENABLE_NS_ASSERTIONS = NO;
				ENABLE_STRICT_OBJC_MSGSEND = YES;
				GCC_C_LANGUAGE_STANDARD = gnu11;
				GCC_NO_COMMON_BLOCKS = YES;
				GCC_WARN_64_TO_32_BIT_CONVERSION = YES;
				GCC_WARN_ABOUT_RETURN_TYPE = YES_ERROR;
				GCC_WARN_UNDECLARED_SELECTOR = YES;
				GCC_WARN_UNINITIALIZED_AUTOS = YES_AGGRESSIVE;
				GCC_WARN_UNUSED_FUNCTION = YES;
				GCC_WARN_UNUSED_VARIABLE = YES;
				IPHONEOS_DEPLOYMENT_TARGET = 14.5;
				MTL_ENABLE_DEBUG_INFO = NO;
				MTL_FAST_MATH = YES;
				SDKROOT = iphoneos;
				SWIFT_COMPILATION_MODE = wholemodule;
				SWIFT_OPTIMIZATION_LEVEL = "-O";
				VALIDATE_PRODUCT = YES;
			};
			name = Release;
		};
		B73A22472640E0AF006CD531 /* Debug */ = {
			isa = XCBuildConfiguration;
			buildSettings = {
				ASSETCATALOG_COMPILER_APPICON_NAME = AppIcon;
				ASSETCATALOG_COMPILER_GLOBAL_ACCENT_COLOR_NAME = AccentColor;
				CODE_SIGN_STYLE = Automatic;
				DEVELOPMENT_ASSET_PATHS = "\"GraphTest/Preview Content\"";
				DEVELOPMENT_TEAM = C75HZNC664;
				ENABLE_PREVIEWS = YES;
				INFOPLIST_FILE = GraphTest/Info.plist;
				IPHONEOS_DEPLOYMENT_TARGET = 14.0;
				LD_RUNPATH_SEARCH_PATHS = (
					"$(inherited)",
					"@executable_path/Frameworks",
				);
				PRODUCT_BUNDLE_IDENTIFIER = com.nilotic.GraphTest;
				PRODUCT_NAME = "$(TARGET_NAME)";
				SWIFT_VERSION = 5.0;
				TARGETED_DEVICE_FAMILY = "1,2";
			};
			name = Debug;
		};
		B73A22482640E0AF006CD531 /* Release */ = {
			isa = XCBuildConfiguration;
			buildSettings = {
				ASSETCATALOG_COMPILER_APPICON_NAME = AppIcon;
				ASSETCATALOG_COMPILER_GLOBAL_ACCENT_COLOR_NAME = AccentColor;
				CODE_SIGN_STYLE = Automatic;
				DEVELOPMENT_ASSET_PATHS = "\"GraphTest/Preview Content\"";
				DEVELOPMENT_TEAM = C75HZNC664;
				ENABLE_PREVIEWS = YES;
				INFOPLIST_FILE = GraphTest/Info.plist;
				IPHONEOS_DEPLOYMENT_TARGET = 14.0;
				LD_RUNPATH_SEARCH_PATHS = (
					"$(inherited)",
					"@executable_path/Frameworks",
				);
				PRODUCT_BUNDLE_IDENTIFIER = com.nilotic.GraphTest;
				PRODUCT_NAME = "$(TARGET_NAME)";
				SWIFT_VERSION = 5.0;
				TARGETED_DEVICE_FAMILY = "1,2";
			};
			name = Release;
		};
/* End XCBuildConfiguration section */

/* Begin XCConfigurationList section */
		B73A22322640E0AE006CD531 /* Build configuration list for PBXProject "GraphTest" */ = {
			isa = XCConfigurationList;
			buildConfigurations = (
				B73A22442640E0AF006CD531 /* Debug */,
				B73A22452640E0AF006CD531 /* Release */,
			);
			defaultConfigurationIsVisible = 0;
			defaultConfigurationName = Release;
		};
		B73A22462640E0AF006CD531 /* Build configuration list for PBXNativeTarget "GraphTest" */ = {
			isa = XCConfigurationList;
			buildConfigurations = (
				B73A22472640E0AF006CD531 /* Debug */,
				B73A22482640E0AF006CD531 /* Release */,
			);
			defaultConfigurationIsVisible = 0;
			defaultConfigurationName = Release;
		};
/* End XCConfigurationList section */
	};
	rootObject = B73A222F2640E0AE006CD531 /* Project object */;
}
